
Microsoft Visual Studio Solution File, Format Version 12.00
# Visual Studio Version 17
VisualStudioVersion = 17.0.31903.59
MinimumVisualStudioVersion = 10.0.40219.1
Project("{FAE04EC0-301F-11D3-BF4B-00C04F79EFBC}") = "SvR.ContentPrep.Cmdlet", "src\SvR.ContentPrep.Cmdlet\SvR.ContentPrep.Cmdlet.csproj", "{F03F8F1F-83B2-4692-9792-3C3DF29EC36B}"
EndProject
Project("{FAE04EC0-301F-11D3-BF4B-00C04F79EFBC}") = "SvR.ContentPrep", "src\SvR.ContentPrep\SvR.ContentPrep.csproj", "{5AC53639-49F9-433C-BAE3-7E954D25CEBA}"
EndProject
Project("{2150E333-8FDC-42A3-9474-1A3956D46DE8}") = "tests", "tests", "{6F02D0D4-B300-40A6-9111-CCD20863C7C2}"
EndProject
Project("{FAE04EC0-301F-11D3-BF4B-00C04F79EFBC}") = "SvR.ContentPrep.Tests", "tests\SvR.ContentPrep.Tests\SvR.ContentPrep.Tests.csproj", "{D90E8B52-F816-43E6-A3D5-0C9E86CD57A2}"
EndProject
Project("{2150E333-8FDC-42A3-9474-1A3956D46DE8}") = "build", "build", "{02EA681E-C7D8-13C7-8484-4AC65E1B71E8}"
	ProjectSection(SolutionItems) = preProject
		.github\workflows\build-library.yml = .github\workflows\build-library.yml
		.github\workflows\build-module.yml = .github\workflows\build-module.yml
	EndProjectSection
EndProject
Global
	GlobalSection(SolutionConfigurationPlatforms) = preSolution
		Debug|Any CPU = Debug|Any CPU
		Release|Any CPU = Release|Any CPU
	EndGlobalSection
	GlobalSection(ProjectConfigurationPlatforms) = postSolution
		{F03F8F1F-83B2-4692-9792-3C3DF29EC36B}.Debug|Any CPU.ActiveCfg = Debug|Any CPU
		{F03F8F1F-83B2-4692-9792-3C3DF29EC36B}.Debug|Any CPU.Build.0 = Debug|Any CPU
		{F03F8F1F-83B2-4692-9792-3C3DF29EC36B}.Release|Any CPU.ActiveCfg = Release|Any CPU
		{F03F8F1F-83B2-4692-9792-3C3DF29EC36B}.Release|Any CPU.Build.0 = Release|Any CPU
		{5AC53639-49F9-433C-BAE3-7E954D25CEBA}.Debug|Any CPU.ActiveCfg = Debug|Any CPU
		{5AC53639-49F9-433C-BAE3-7E954D25CEBA}.Debug|Any CPU.Build.0 = Debug|Any CPU
		{5AC53639-49F9-433C-BAE3-7E954D25CEBA}.Release|Any CPU.ActiveCfg = Release|Any CPU
		{5AC53639-49F9-433C-BAE3-7E954D25CEBA}.Release|Any CPU.Build.0 = Release|Any CPU
		{D90E8B52-F816-43E6-A3D5-0C9E86CD57A2}.Debug|Any CPU.ActiveCfg = Debug|Any CPU
		{D90E8B52-F816-43E6-A3D5-0C9E86CD57A2}.Debug|Any CPU.Build.0 = Debug|Any CPU
		{D90E8B52-F816-43E6-A3D5-0C9E86CD57A2}.Release|Any CPU.ActiveCfg = Release|Any CPU
		{D90E8B52-F816-43E6-A3D5-0C9E86CD57A2}.Release|Any CPU.Build.0 = Release|Any CPU
	EndGlobalSection
	GlobalSection(SolutionProperties) = preSolution
		HideSolutionNode = FALSE
	EndGlobalSection
	GlobalSection(NestedProjects) = preSolution
		{D90E8B52-F816-43E6-A3D5-0C9E86CD57A2} = {6F02D0D4-B300-40A6-9111-CCD20863C7C2}
	EndGlobalSection
	GlobalSection(ExtensibilityGlobals) = postSolution
		SolutionGuid = {B9C47FF4-D51D-43D6-BE7D-0706687F14E4}
	EndGlobalSection
EndGlobal
